
Microsoft Visual Studio Solution File, Format Version 12.00
# Visual Studio Version 17
VisualStudioVersion = 17.1.32210.238
MinimumVisualStudioVersion = 10.0.40219.1
Project("{2150E333-8FDC-42A3-9474-1A3956D46DE8}") = "src", "src", "{B5A2CF23-533A-4C34-9B73-19B95560CBA7}"
EndProject
Project("{2150E333-8FDC-42A3-9474-1A3956D46DE8}") = "Core", "Core", "{F9D6DA25-3C1B-4D02-BAA4-2FAE6B489BED}"
EndProject
Project("{9A19103F-16F7-4668-BE54-9A1E7A4F7556}") = "Adni.Domain", "src\Core\Adni.Domain\Adni.Domain.csproj", "{D51A45E0-0BE4-45EE-A4B6-D6FA958AF396}"
EndProject
Project("{9A19103F-16F7-4668-BE54-9A1E7A4F7556}") = "App", "src\Presentation\App\App.csproj", "{DB0560C1-C916-4D9C-80D1-E6FEFE9C8311}"
EndProject
Project("{2150E333-8FDC-42A3-9474-1A3956D46DE8}") = "Infrastructure", "Infrastructure", "{E682A7EE-14B3-4AD9-8D82-D0EA2A611EB8}"
EndProject
Project("{2150E333-8FDC-42A3-9474-1A3956D46DE8}") = "Presentation", "Presentation", "{958FDEA4-CC36-4DDD-A24A-117187B49956}"
EndProject
Project("{9A19103F-16F7-4668-BE54-9A1E7A4F7556}") = "Adni.Application", "src\Core\Adni.Application\Adni.Application.csproj", "{DC4C64A5-FD21-4B02-AA0B-12A55269678D}"
EndProject
Project("{9A19103F-16F7-4668-BE54-9A1E7A4F7556}") = "Adni.DomainTest", "src\Test\Adni.DomainTest\Adni.DomainTest.csproj", "{38D4FD05-AA15-499C-81AB-35A3AE178555}"
EndProject
Project("{FAE04EC0-301F-11D3-BF4B-00C04F79EFBC}") = "Adni.Data", "src\Infrastructure\Adni.Data\Adni.Data.csproj", "{CB37FB70-9C6D-4AF6-A2E0-2A91CC12B23D}"
EndProject
Project("{FAE04EC0-301F-11D3-BF4B-00C04F79EFBC}") = "Adni.WebApi", "src\Presentation\Adni.WebApi\Adni.WebApi.csproj", "{C072E0CE-113F-4A02-8D41-28A45EC317D8}"
EndProject
Global
	GlobalSection(SolutionConfigurationPlatforms) = preSolution
		Debug|Any CPU = Debug|Any CPU
		Release|Any CPU = Release|Any CPU
	EndGlobalSection
	GlobalSection(ProjectConfigurationPlatforms) = postSolution
		{D51A45E0-0BE4-45EE-A4B6-D6FA958AF396}.Debug|Any CPU.ActiveCfg = Debug|Any CPU
		{D51A45E0-0BE4-45EE-A4B6-D6FA958AF396}.Debug|Any CPU.Build.0 = Debug|Any CPU
		{D51A45E0-0BE4-45EE-A4B6-D6FA958AF396}.Release|Any CPU.ActiveCfg = Release|Any CPU
		{D51A45E0-0BE4-45EE-A4B6-D6FA958AF396}.Release|Any CPU.Build.0 = Release|Any CPU
		{DB0560C1-C916-4D9C-80D1-E6FEFE9C8311}.Debug|Any CPU.ActiveCfg = Debug|Any CPU
		{DB0560C1-C916-4D9C-80D1-E6FEFE9C8311}.Debug|Any CPU.Build.0 = Debug|Any CPU
		{DB0560C1-C916-4D9C-80D1-E6FEFE9C8311}.Release|Any CPU.ActiveCfg = Release|Any CPU
		{DB0560C1-C916-4D9C-80D1-E6FEFE9C8311}.Release|Any CPU.Build.0 = Release|Any CPU
		{DC4C64A5-FD21-4B02-AA0B-12A55269678D}.Debug|Any CPU.ActiveCfg = Debug|Any CPU
		{DC4C64A5-FD21-4B02-AA0B-12A55269678D}.Debug|Any CPU.Build.0 = Debug|Any CPU
		{DC4C64A5-FD21-4B02-AA0B-12A55269678D}.Release|Any CPU.ActiveCfg = Release|Any CPU
		{DC4C64A5-FD21-4B02-AA0B-12A55269678D}.Release|Any CPU.Build.0 = Release|Any CPU
		{38D4FD05-AA15-499C-81AB-35A3AE178555}.Debug|Any CPU.ActiveCfg = Debug|Any CPU
		{38D4FD05-AA15-499C-81AB-35A3AE178555}.Debug|Any CPU.Build.0 = Debug|Any CPU
		{38D4FD05-AA15-499C-81AB-35A3AE178555}.Release|Any CPU.ActiveCfg = Release|Any CPU
		{38D4FD05-AA15-499C-81AB-35A3AE178555}.Release|Any CPU.Build.0 = Release|Any CPU
		{CB37FB70-9C6D-4AF6-A2E0-2A91CC12B23D}.Debug|Any CPU.ActiveCfg = Debug|Any CPU
		{CB37FB70-9C6D-4AF6-A2E0-2A91CC12B23D}.Debug|Any CPU.Build.0 = Debug|Any CPU
		{CB37FB70-9C6D-4AF6-A2E0-2A91CC12B23D}.Release|Any CPU.ActiveCfg = Release|Any CPU
		{CB37FB70-9C6D-4AF6-A2E0-2A91CC12B23D}.Release|Any CPU.Build.0 = Release|Any CPU
		{C072E0CE-113F-4A02-8D41-28A45EC317D8}.Debug|Any CPU.ActiveCfg = Debug|Any CPU
		{C072E0CE-113F-4A02-8D41-28A45EC317D8}.Debug|Any CPU.Build.0 = Debug|Any CPU
		{C072E0CE-113F-4A02-8D41-28A45EC317D8}.Release|Any CPU.ActiveCfg = Release|Any CPU
		{C072E0CE-113F-4A02-8D41-28A45EC317D8}.Release|Any CPU.Build.0 = Release|Any CPU
	EndGlobalSection
	GlobalSection(SolutionProperties) = preSolution
		HideSolutionNode = FALSE
	EndGlobalSection
	GlobalSection(NestedProjects) = preSolution
		{F9D6DA25-3C1B-4D02-BAA4-2FAE6B489BED} = {B5A2CF23-533A-4C34-9B73-19B95560CBA7}
		{D51A45E0-0BE4-45EE-A4B6-D6FA958AF396} = {F9D6DA25-3C1B-4D02-BAA4-2FAE6B489BED}
		{DB0560C1-C916-4D9C-80D1-E6FEFE9C8311} = {958FDEA4-CC36-4DDD-A24A-117187B49956}
		{E682A7EE-14B3-4AD9-8D82-D0EA2A611EB8} = {B5A2CF23-533A-4C34-9B73-19B95560CBA7}
		{958FDEA4-CC36-4DDD-A24A-117187B49956} = {B5A2CF23-533A-4C34-9B73-19B95560CBA7}
		{DC4C64A5-FD21-4B02-AA0B-12A55269678D} = {F9D6DA25-3C1B-4D02-BAA4-2FAE6B489BED}
		{38D4FD05-AA15-499C-81AB-35A3AE178555} = {B5A2CF23-533A-4C34-9B73-19B95560CBA7}
		{CB37FB70-9C6D-4AF6-A2E0-2A91CC12B23D} = {E682A7EE-14B3-4AD9-8D82-D0EA2A611EB8}
		{C072E0CE-113F-4A02-8D41-28A45EC317D8} = {958FDEA4-CC36-4DDD-A24A-117187B49956}
	EndGlobalSection
	GlobalSection(ExtensibilityGlobals) = postSolution
		SolutionGuid = {96423120-5F12-45FE-B6F8-BD799D5885A5}
	EndGlobalSection
EndGlobal
