
Microsoft Visual Studio Solution File, Format Version 12.00
# Visual Studio Version 17
VisualStudioVersion = 17.1.32210.238
MinimumVisualStudioVersion = 10.0.40219.1
Project("{2150E333-8FDC-42A3-9474-1A3956D46DE8}") = "src", "src", "{B5A2CF23-533A-4C34-9B73-19B95560CBA7}"
EndProject
Project("{2150E333-8FDC-42A3-9474-1A3956D46DE8}") = "Core", "Core", "{F9D6DA25-3C1B-4D02-BAA4-2FAE6B489BED}"
EndProject
Project("{9A19103F-16F7-4668-BE54-9A1E7A4F7556}") = "Adni.Domain", "src\Core\Adni.Domain\Adni.Domain.csproj", "{D51A45E0-0BE4-45EE-A4B6-D6FA958AF396}"
EndProject
Project("{2150E333-8FDC-42A3-9474-1A3956D46DE8}") = "Infrastructure", "Infrastructure", "{E682A7EE-14B3-4AD9-8D82-D0EA2A611EB8}"
EndProject
Project("{2150E333-8FDC-42A3-9474-1A3956D46DE8}") = "Presentation", "Presentation", "{958FDEA4-CC36-4DDD-A24A-117187B49956}"
EndProject
Project("{9A19103F-16F7-4668-BE54-9A1E7A4F7556}") = "Adni.Data", "src\Infrastructure\Adni.Data\Adni.Data.csproj", "{CB37FB70-9C6D-4AF6-A2E0-2A91CC12B23D}"
EndProject
Project("{9A19103F-16F7-4668-BE54-9A1E7A4F7556}") = "Adni.WebApi", "src\Presentation\Adni.WebApi\Adni.WebApi.csproj", "{C072E0CE-113F-4A02-8D41-28A45EC317D8}"
EndProject
Project("{9A19103F-16F7-4668-BE54-9A1E7A4F7556}") = "Adni.Application", "src\Core\Adni.Application\Adni.Application.csproj", "{6A627DDD-CF9E-4525-8A4F-113D929449FF}"
EndProject
Project("{9A19103F-16F7-4668-BE54-9A1E7A4F7556}") = "Adni.Shared", "src\Infrastructure\Adni.Shared\Adni.Shared.csproj", "{C972E66C-999F-4101-A88B-4D79CDB77DE9}"
EndProject
Project("{9A19103F-16F7-4668-BE54-9A1E7A4F7556}") = "Adni.Identity", "src\Infrastructure\Adni.Identity\Adni.Identity.csproj", "{EF3856D1-6339-4316-9ABC-E9B5B088AB57}"
EndProject
Project("{54A90642-561A-4BB1-A94E-469ADEE60C69}") = "Adni.App", "src\Presentation\Adni.App\Adni.App.esproj", "{5083292A-5CF5-470C-8778-9A5560BDDC08}"
EndProject
Global
	GlobalSection(SolutionConfigurationPlatforms) = preSolution
		Debug|Any CPU = Debug|Any CPU
		Release|Any CPU = Release|Any CPU
	EndGlobalSection
	GlobalSection(ProjectConfigurationPlatforms) = postSolution
		{D51A45E0-0BE4-45EE-A4B6-D6FA958AF396}.Debug|Any CPU.ActiveCfg = Debug|Any CPU
		{D51A45E0-0BE4-45EE-A4B6-D6FA958AF396}.Debug|Any CPU.Build.0 = Debug|Any CPU
		{D51A45E0-0BE4-45EE-A4B6-D6FA958AF396}.Release|Any CPU.ActiveCfg = Release|Any CPU
		{D51A45E0-0BE4-45EE-A4B6-D6FA958AF396}.Release|Any CPU.Build.0 = Release|Any CPU
		{CB37FB70-9C6D-4AF6-A2E0-2A91CC12B23D}.Debug|Any CPU.ActiveCfg = Debug|Any CPU
		{CB37FB70-9C6D-4AF6-A2E0-2A91CC12B23D}.Debug|Any CPU.Build.0 = Debug|Any CPU
		{CB37FB70-9C6D-4AF6-A2E0-2A91CC12B23D}.Release|Any CPU.ActiveCfg = Release|Any CPU
		{CB37FB70-9C6D-4AF6-A2E0-2A91CC12B23D}.Release|Any CPU.Build.0 = Release|Any CPU
		{C072E0CE-113F-4A02-8D41-28A45EC317D8}.Debug|Any CPU.ActiveCfg = Debug|Any CPU
		{C072E0CE-113F-4A02-8D41-28A45EC317D8}.Debug|Any CPU.Build.0 = Debug|Any CPU
		{C072E0CE-113F-4A02-8D41-28A45EC317D8}.Release|Any CPU.ActiveCfg = Release|Any CPU
		{C072E0CE-113F-4A02-8D41-28A45EC317D8}.Release|Any CPU.Build.0 = Release|Any CPU
		{6A627DDD-CF9E-4525-8A4F-113D929449FF}.Debug|Any CPU.ActiveCfg = Debug|Any CPU
		{6A627DDD-CF9E-4525-8A4F-113D929449FF}.Debug|Any CPU.Build.0 = Debug|Any CPU
		{6A627DDD-CF9E-4525-8A4F-113D929449FF}.Release|Any CPU.ActiveCfg = Release|Any CPU
		{6A627DDD-CF9E-4525-8A4F-113D929449FF}.Release|Any CPU.Build.0 = Release|Any CPU
		{C972E66C-999F-4101-A88B-4D79CDB77DE9}.Debug|Any CPU.ActiveCfg = Debug|Any CPU
		{C972E66C-999F-4101-A88B-4D79CDB77DE9}.Debug|Any CPU.Build.0 = Debug|Any CPU
		{C972E66C-999F-4101-A88B-4D79CDB77DE9}.Release|Any CPU.ActiveCfg = Release|Any CPU
		{C972E66C-999F-4101-A88B-4D79CDB77DE9}.Release|Any CPU.Build.0 = Release|Any CPU
		{EF3856D1-6339-4316-9ABC-E9B5B088AB57}.Debug|Any CPU.ActiveCfg = Debug|Any CPU
		{EF3856D1-6339-4316-9ABC-E9B5B088AB57}.Debug|Any CPU.Build.0 = Debug|Any CPU
		{EF3856D1-6339-4316-9ABC-E9B5B088AB57}.Release|Any CPU.ActiveCfg = Release|Any CPU
		{EF3856D1-6339-4316-9ABC-E9B5B088AB57}.Release|Any CPU.Build.0 = Release|Any CPU
		{5083292A-5CF5-470C-8778-9A5560BDDC08}.Debug|Any CPU.ActiveCfg = Debug|Any CPU
		{5083292A-5CF5-470C-8778-9A5560BDDC08}.Debug|Any CPU.Build.0 = Debug|Any CPU
		{5083292A-5CF5-470C-8778-9A5560BDDC08}.Debug|Any CPU.Deploy.0 = Debug|Any CPU
		{5083292A-5CF5-470C-8778-9A5560BDDC08}.Release|Any CPU.ActiveCfg = Release|Any CPU
		{5083292A-5CF5-470C-8778-9A5560BDDC08}.Release|Any CPU.Build.0 = Release|Any CPU
		{5083292A-5CF5-470C-8778-9A5560BDDC08}.Release|Any CPU.Deploy.0 = Release|Any CPU
	EndGlobalSection
	GlobalSection(SolutionProperties) = preSolution
		HideSolutionNode = FALSE
	EndGlobalSection
	GlobalSection(NestedProjects) = preSolution
		{F9D6DA25-3C1B-4D02-BAA4-2FAE6B489BED} = {B5A2CF23-533A-4C34-9B73-19B95560CBA7}
		{D51A45E0-0BE4-45EE-A4B6-D6FA958AF396} = {F9D6DA25-3C1B-4D02-BAA4-2FAE6B489BED}
		{E682A7EE-14B3-4AD9-8D82-D0EA2A611EB8} = {B5A2CF23-533A-4C34-9B73-19B95560CBA7}
		{958FDEA4-CC36-4DDD-A24A-117187B49956} = {B5A2CF23-533A-4C34-9B73-19B95560CBA7}
		{CB37FB70-9C6D-4AF6-A2E0-2A91CC12B23D} = {E682A7EE-14B3-4AD9-8D82-D0EA2A611EB8}
		{C072E0CE-113F-4A02-8D41-28A45EC317D8} = {958FDEA4-CC36-4DDD-A24A-117187B49956}
		{6A627DDD-CF9E-4525-8A4F-113D929449FF} = {F9D6DA25-3C1B-4D02-BAA4-2FAE6B489BED}
		{C972E66C-999F-4101-A88B-4D79CDB77DE9} = {E682A7EE-14B3-4AD9-8D82-D0EA2A611EB8}
		{EF3856D1-6339-4316-9ABC-E9B5B088AB57} = {E682A7EE-14B3-4AD9-8D82-D0EA2A611EB8}
		{5083292A-5CF5-470C-8778-9A5560BDDC08} = {958FDEA4-CC36-4DDD-A24A-117187B49956}
	EndGlobalSection
	GlobalSection(ExtensibilityGlobals) = postSolution
		SolutionGuid = {96423120-5F12-45FE-B6F8-BD799D5885A5}
	EndGlobalSection
EndGlobal
